
Microsoft Visual Studio Solution File, Format Version 12.00
# Visual Studio Version 16
VisualStudioVersion = 16.0.30002.166
MinimumVisualStudioVersion = 10.0.40219.1
Project("{9A19103F-16F7-4668-BE54-9A1E7A4F7556}") = "ProcessingPipeline", "ProcessingPipeline\ProcessingPipeline.csproj", "{870245B2-12DE-4BE2-95C5-5062DF52B441}"
EndProject
Project("{9A19103F-16F7-4668-BE54-9A1E7A4F7556}") = "ProcessingPipeline.Tests", "ProcessingPipeline.Tests\ProcessingPipeline.Tests.csproj", "{84A705CA-C3C6-4BA6-B3BD-56EBBAEA1181}"
EndProject
Global
	GlobalSection(SolutionConfigurationPlatforms) = preSolution
		Debug|Any CPU = Debug|Any CPU
		Release|Any CPU = Release|Any CPU
	EndGlobalSection
	GlobalSection(ProjectConfigurationPlatforms) = postSolution
		{870245B2-12DE-4BE2-95C5-5062DF52B441}.Debug|Any CPU.ActiveCfg = Debug|Any CPU
		{870245B2-12DE-4BE2-95C5-5062DF52B441}.Debug|Any CPU.Build.0 = Debug|Any CPU
		{870245B2-12DE-4BE2-95C5-5062DF52B441}.Release|Any CPU.ActiveCfg = Release|Any CPU
		{870245B2-12DE-4BE2-95C5-5062DF52B441}.Release|Any CPU.Build.0 = Release|Any CPU
		{84A705CA-C3C6-4BA6-B3BD-56EBBAEA1181}.Debug|Any CPU.ActiveCfg = Debug|Any CPU
		{84A705CA-C3C6-4BA6-B3BD-56EBBAEA1181}.Debug|Any CPU.Build.0 = Debug|Any CPU
		{84A705CA-C3C6-4BA6-B3BD-56EBBAEA1181}.Release|Any CPU.ActiveCfg = Release|Any CPU
		{84A705CA-C3C6-4BA6-B3BD-56EBBAEA1181}.Release|Any CPU.Build.0 = Release|Any CPU
	EndGlobalSection
	GlobalSection(SolutionProperties) = preSolution
		HideSolutionNode = FALSE
	EndGlobalSection
	GlobalSection(ExtensibilityGlobals) = postSolution
		SolutionGuid = {D6041B24-AD5F-4838-9CAF-2A3505A2560F}
	EndGlobalSection
EndGlobal
